
Microsoft Visual Studio Solution File, Format Version 12.00
# Visual Studio Version 16
VisualStudioVersion = 16.0.30114.105
MinimumVisualStudioVersion = 10.0.40219.1
Project("{8BC9CEB8-8B4A-11D0-8D11-00A0C91BC942}") = "SEULex", "SEULex.vcxproj", "{EA591AAE-0003-43F2-BC5A-ED11621C6D19}"
EndProject
Global
	GlobalSection(SolutionConfigurationPlatforms) = preSolution
		Debug|x64 = Debug|x64
		Debug|x86 = Debug|x86
		Release|x64 = Release|x64
		Release|x86 = Release|x86
	EndGlobalSection
	GlobalSection(ProjectConfigurationPlatforms) = postSolution
		{EA591AAE-0003-43F2-BC5A-ED11621C6D19}.Debug|x64.ActiveCfg = Debug|x64
		{EA591AAE-0003-43F2-BC5A-ED11621C6D19}.Debug|x64.Build.0 = Debug|x64
		{EA591AAE-0003-43F2-BC5A-ED11621C6D19}.Debug|x86.ActiveCfg = Debug|Win32
		{EA591AAE-0003-43F2-BC5A-ED11621C6D19}.Debug|x86.Build.0 = Debug|Win32
		{EA591AAE-0003-43F2-BC5A-ED11621C6D19}.Release|x64.ActiveCfg = Release|x64
		{EA591AAE-0003-43F2-BC5A-ED11621C6D19}.Release|x64.Build.0 = Release|x64
		{EA591AAE-0003-43F2-BC5A-ED11621C6D19}.Release|x86.ActiveCfg = Release|Win32
		{EA591AAE-0003-43F2-BC5A-ED11621C6D19}.Release|x86.Build.0 = Release|Win32
	EndGlobalSection
	GlobalSection(SolutionProperties) = preSolution
		HideSolutionNode = FALSE
	EndGlobalSection
	GlobalSection(ExtensibilityGlobals) = postSolution
		SolutionGuid = {65DCDD20-CD0A-49F3-9799-E4814F409A3E}
	EndGlobalSection
EndGlobal
